<Solution>
  <Folder Name="/src/">
    <Project Path="src/Mes/Mes.csproj" />
    <Project Path="src/Mes.Core/Mes.Core.csproj" />
    <Project Path="src/Mes.Protocols.Amqp/Mes.Protocols.Amqp.csproj" />
    <Project Path="src/Mes.Protocols.Database/Mes.Protocols.Database.csproj" />
    <Project Path="src/Mes.Protocols.FileDrop/Mes.Protocols.FileDrop.csproj" />
    <Project Path="src/Mes.Protocols.Grpc/Mes.Protocols.Grpc.csproj" />
    <Project Path="src/Mes.Protocols.InMemory/Mes.Protocols.InMemory.csproj" />
    <Project Path="src/Mes.Protocols.Kafka/Mes.Protocols.Kafka.csproj" />
    <Project Path="src/Mes.Protocols.Mqtt/Mes.Protocols.Mqtt.csproj" />
    <Project Path="src/Mes.Protocols.OpcUa/Mes.Protocols.OpcUa.csproj" />
    <Project Path="src/Mes.Protocols.Rest/Mes.Protocols.Rest.csproj" />
    <Project Path="src/Mes.Protocols.SecsGem/Mes.Protocols.SecsGem.csproj" />
    <Project Path="src/Mes.Protocols.Soap/Mes.Protocols.Soap.csproj" />
    <Project Path="src/Mes.Protocols.WebSocket/Mes.Protocols.WebSocket.csproj" />
  </Folder>
  <Folder Name="/tests/">
    <Project Path="tests/Mes.Core.Tests/Mes.Core.Tests.csproj" />
  </Folder>
  <Folder Name="/samples/">
    <Project Path="samples/Mes.QuickStart/Mes.QuickStart.csproj" />
    <Project Path="samples/Mes.TestApp/Mes.TestApp.csproj" />
  </Folder>
</Solution>
